{
  "name": "bae-count-down",
  "version": "0.1.0",
  "lockfileVersion": 1,
  "requires": true,
  "dependencies": {
    "countdown": {
      "version": "2.6.0",
      "resolved": "https://registry.npmjs.org/countdown/-/countdown-2.6.0.tgz",
      "integrity": "sha1-Z3+446nUzE52QVkBuiU7UYrzQXc="
    },
    "fbjs": {
      "version": "0.8.12",
      "resolved": "https://registry.npmjs.org/fbjs/-/fbjs-0.8.12.tgz",
      "integrity": "sha1-ELXZL3bUVXX9Y6IX1OoCvqL47QQ=",
      "dependencies": {
        "core-js": {
          "version": "1.2.7",
          "resolved": "https://registry.npmjs.org/core-js/-/core-js-1.2.7.tgz",
          "integrity": "sha1-ZSKUwUZR2yj6k70tX/KYOk8IxjY="
        }
      }
    },
    "material-ui": {
      "version": "0.18.5",
      "resolved": "https://registry.npmjs.org/material-ui/-/material-ui-0.18.5.tgz",
      "integrity": "sha512-ZJxfuq6hO+u2JrXVjC1WSyQRX9vHoPyGiTiFohkVdZ5BGqhvTJs9zVZl9x36qGDdZ4Wtw5cMOms/BkwQ2TaoDQ=="
    },
    "moment": {
      "version": "2.18.1",
      "resolved": "https://registry.npmjs.org/moment/-/moment-2.18.1.tgz",
      "integrity": "sha1-w2GT3Tzhwu7SrbfIAtu8d6gbHA8="
    },
    "moment-countdown": {
      "version": "0.0.3",
      "resolved": "https://registry.npmjs.org/moment-countdown/-/moment-countdown-0.0.3.tgz",
      "integrity": "sha1-kxAMkqpv2IS4SoOBTr3Na4fzOI0="
    },
    "react": {
      "version": "15.6.1",
      "resolved": "https://registry.npmjs.org/react/-/react-15.6.1.tgz",
      "integrity": "sha1-uqhDTsZ4C96ZfNw4C3nNM7ljk98="
    },
    "react-dom": {
      "version": "15.6.1",
      "resolved": "https://registry.npmjs.org/react-dom/-/react-dom-15.6.1.tgz",
      "integrity": "sha1-LLDtQZEDjlPCCes6eaI+Kkz5lHA="
    },
    "react-motion": {
      "version": "0.5.0",
      "resolved": "https://registry.npmjs.org/react-motion/-/react-motion-0.5.0.tgz",
      "integrity": "sha1-Fwj8Ku5VKQDSHB5r7Sg0aGPgF7Y="
    },
    "react-scripts": {
      "version": "1.0.7",
      "resolved": "https://registry.npmjs.org/react-scripts/-/react-scripts-1.0.7.tgz",
      "integrity": "sha1-/hQ23aA7tFRlx20JfP6k8y63y7s=",
      "dev": true,
      "dependencies": {
        "ansi-styles": {
          "version": "3.1.0",
          "resolved": "https://registry.npmjs.org/ansi-styles/-/ansi-styles-3.1.0.tgz",
          "integrity": "sha1-CcIC1ckX7CMYjKpcnLkXnNlUd1A="
        },
        "autoprefixer": {
          "version": "7.1.0",
          "resolved": "https://registry.npmjs.org/autoprefixer/-/autoprefixer-7.1.0.tgz",
          "integrity": "sha1-rkkTrcIh+mylrTpvgDn2pcBrOHc="
        },
        "babel-core": {
          "version": "6.24.1",
          "resolved": "https://registry.npmjs.org/babel-core/-/babel-core-6.24.1.tgz",
          "integrity": "sha1-jEKFZNzh4fQfszfsNPTDsCK1rYM="
        },
        "babel-loader": {
          "version": "7.0.0",
          "resolved": "https://registry.npmjs.org/babel-loader/-/babel-loader-7.0.0.tgz",
          "integrity": "sha1-LkOma+4f/0RwUz0EAsikUy+vuvc="
        },
        "babel-plugin-transform-class-properties": {
          "version": "6.24.1",
          "resolved": "https://registry.npmjs.org/babel-plugin-transform-class-properties/-/babel-plugin-transform-class-properties-6.24.1.tgz",
          "integrity": "sha1-anl2PqYdM9NvN7YRqp3vgagbRqw="
        },
        "babel-plugin-transform-es2015-destructuring": {
          "version": "6.23.0",
          "resolved": "https://registry.npmjs.org/babel-plugin-transform-es2015-destructuring/-/babel-plugin-transform-es2015-destructuring-6.23.0.tgz",
          "integrity": "sha1-mXux8auWf2gtKwh2/jWNYOdlxW0="
        },
        "babel-plugin-transform-es2015-parameters": {
          "version": "6.24.1",
          "resolved": "https://registry.npmjs.org/babel-plugin-transform-es2015-parameters/-/babel-plugin-transform-es2015-parameters-6.24.1.tgz",
          "integrity": "sha1-V6w1GrScrxSpfNE7CfZv3wpiXys="
        },
        "babel-plugin-transform-object-rest-spread": {
          "version": "6.23.0",
          "resolved": "https://registry.npmjs.org/babel-plugin-transform-object-rest-spread/-/babel-plugin-transform-object-rest-spread-6.23.0.tgz",
          "integrity": "sha1-h11ryb52HFiirj/u5dxIldjH+SE="
        },
        "babel-plugin-transform-react-constant-elements": {
          "version": "6.23.0",
          "resolved": "https://registry.npmjs.org/babel-plugin-transform-react-constant-elements/-/babel-plugin-transform-react-constant-elements-6.23.0.tgz",
          "integrity": "sha1-LxGb9NLN1F65uqrldAU8YE9hR90="
        },
        "babel-plugin-transform-react-jsx-self": {
          "version": "6.22.0",
          "resolved": "https://registry.npmjs.org/babel-plugin-transform-react-jsx-self/-/babel-plugin-transform-react-jsx-self-6.22.0.tgz",
          "integrity": "sha1-322AqdomEqEh5t3XVYvL7PBuY24="
        },
        "babel-plugin-transform-react-jsx-source": {
          "version": "6.22.0",
          "resolved": "https://registry.npmjs.org/babel-plugin-transform-react-jsx-source/-/babel-plugin-transform-react-jsx-source-6.22.0.tgz",
          "integrity": "sha1-ZqwSFT9c0tF7PBkmj0vwGX9E7NY="
        },
        "babel-plugin-transform-regenerator": {
          "version": "6.24.1",
          "resolved": "https://registry.npmjs.org/babel-plugin-transform-regenerator/-/babel-plugin-transform-regenerator-6.24.1.tgz",
          "integrity": "sha1-uNowWtQ8PJm0hI5P5AN7dw0jxBg="
        },
        "babel-plugin-transform-runtime": {
          "version": "6.23.0",
          "resolved": "https://registry.npmjs.org/babel-plugin-transform-runtime/-/babel-plugin-transform-runtime-6.23.0.tgz",
          "integrity": "sha1-iEkNRGUC6puOfvsP4J7E2ZR5se4="
        },
        "babel-preset-env": {
          "version": "1.5.2",
          "resolved": "https://registry.npmjs.org/babel-preset-env/-/babel-preset-env-1.5.2.tgz",
          "integrity": "sha1-zUrpCm6Utwn5c3SzPl+LmDVWre8="
        },
        "babel-preset-react": {
          "version": "6.24.1",
          "resolved": "https://registry.npmjs.org/babel-preset-react/-/babel-preset-react-6.24.1.tgz",
          "integrity": "sha1-umnfrqRfw+xjm2pOzqbhdwLJE4A="
        },
        "babel-preset-react-app": {
          "version": "3.0.1",
          "resolved": "https://registry.npmjs.org/babel-preset-react-app/-/babel-preset-react-app-3.0.1.tgz",
          "integrity": "sha1-i3RMvkf9V8ho5vkTVSzq4mrjGGA="
        },
        "browserslist": {
          "version": "2.1.5",
          "resolved": "https://registry.npmjs.org/browserslist/-/browserslist-2.1.5.tgz",
          "integrity": "sha1-6IJVDfPRzW1IHBo+ADjyuvE6RxE="
        },
        "buffer": {
          "version": "4.9.1",
          "resolved": "https://registry.npmjs.org/buffer/-/buffer-4.9.1.tgz",
          "integrity": "sha1-bRu2AbB6TvztlwlBMgkwJ8lbwpg="
        },
        "crypto-browserify": {
          "version": "3.11.0",
          "resolved": "https://registry.npmjs.org/crypto-browserify/-/crypto-browserify-3.11.0.tgz",
          "integrity": "sha1-NlKgkGq5sqfgw85mpAjpV6JIVSI="
        },
        "css-loader": {
          "version": "0.28.1",
          "resolved": "https://registry.npmjs.org/css-loader/-/css-loader-0.28.1.tgz",
          "integrity": "sha1-IgMlWZ+PAEUtnOtMPKbIpmeYZC0=",
          "dependencies": {
            "has-flag": {
              "version": "1.0.0",
              "resolved": "https://registry.npmjs.org/has-flag/-/has-flag-1.0.0.tgz",
              "integrity": "sha1-nZ55MWXOAXoA8AQYxD+UKnsdEfo="
            },
            "postcss": {
              "version": "5.2.17",
              "resolved": "https://registry.npmjs.org/postcss/-/postcss-5.2.17.tgz",
              "integrity": "sha1-z09Ze4ZNZcikkrLqvp1wbIecOIs="
            },
            "supports-color": {
              "version": "3.2.3",
              "resolved": "https://registry.npmjs.org/supports-color/-/supports-color-3.2.3.tgz",
              "integrity": "sha1-ZawFBLOVQXHYpklGsq48u4pfVPY="
            }
          }
        },
        "enhanced-resolve": {
          "version": "3.1.0",
          "resolved": "https://registry.npmjs.org/enhanced-resolve/-/enhanced-resolve-3.1.0.tgz",
          "integrity": "sha1-n0tib1dyRe3PSyrYPYbhf09CHew="
        },
        "eslint-plugin-react": {
          "version": "7.0.1",
          "resolved": "https://registry.npmjs.org/eslint-plugin-react/-/eslint-plugin-react-7.0.1.tgz",
          "integrity": "sha1-54EH4eVZxuKxd4a7Z8LioBCtDS8="
        },
        "file-loader": {
          "version": "0.11.1",
          "resolved": "https://registry.npmjs.org/file-loader/-/file-loader-0.11.1.tgz",
          "integrity": "sha1-azKO4SNKcp5OR9Njdd1tNcDh24Q="
        },
        "fsevents": {
          "version": "1.0.17",
          "resolved": "https://registry.npmjs.org/fsevents/-/fsevents-1.0.17.tgz",
          "integrity": "sha1-hTfz8SJyZ4dltP1lKMDx9m+PRVg=",
          "dependencies": {
            "abbrev": {
              "version": "1.0.9",
              "bundled": true
            },
            "ansi-regex": {
              "version": "2.0.0",
              "bundled": true
            },
            "ansi-styles": {
              "version": "2.2.1",
              "bundled": true
            },
            "aproba": {
              "version": "1.0.4",
              "bundled": true
            },
            "are-we-there-yet": {
              "version": "1.1.2",
              "bundled": true
            },
            "asn1": {
              "version": "0.2.3",
              "bundled": true
            },
            "assert-plus": {
              "version": "0.2.0",
              "bundled": true
            },
            "asynckit": {
              "version": "0.4.0",
              "bundled": true
            },
            "aws-sign2": {
              "version": "0.6.0",
              "bundled": true
            },
            "aws4": {
              "version": "1.5.0",
              "bundled": true
            },
            "balanced-match": {
              "version": "0.4.2",
              "bundled": true
            },
            "bcrypt-pbkdf": {
              "version": "1.0.0",
              "bundled": true
            },
            "block-stream": {
              "version": "0.0.9",
              "bundled": true
            },
            "boom": {
              "version": "2.10.1",
              "bundled": true
            },
            "brace-expansion": {
              "version": "1.1.6",
              "bundled": true
            },
            "buffer-shims": {
              "version": "1.0.0",
              "bundled": true
            },
            "caseless": {
              "version": "0.11.0",
              "bundled": true
            },
            "chalk": {
              "version": "1.1.3",
              "bundled": true,
              "dependencies": {
                "supports-color": {
                  "version": "2.0.0",
                  "bundled": true
                }
              }
            },
            "code-point-at": {
              "version": "1.1.0",
              "bundled": true
            },
            "combined-stream": {
              "version": "1.0.5",
              "bundled": true
            },
            "commander": {
              "version": "2.9.0",
              "bundled": true
            },
            "concat-map": {
              "version": "0.0.1",
              "bundled": true
            },
            "console-control-strings": {
              "version": "1.1.0",
              "bundled": true
            },
            "core-util-is": {
              "version": "1.0.2",
              "bundled": true
            },
            "cryptiles": {
              "version": "2.0.5",
              "bundled": true
            },
            "dashdash": {
              "version": "1.14.1",
              "bundled": true,
              "dependencies": {
                "assert-plus": {
                  "version": "1.0.0",
                  "bundled": true
                }
              }
            },
            "debug": {
              "version": "2.2.0",
              "bundled": true
            },
            "deep-extend": {
              "version": "0.4.1",
              "bundled": true
            },
            "delayed-stream": {
              "version": "1.0.0",
              "bundled": true
            },
            "delegates": {
              "version": "1.0.0",
              "bundled": true
            },
            "ecc-jsbn": {
              "version": "0.1.1",
              "bundled": true
            },
            "escape-string-regexp": {
              "version": "1.0.5",
              "bundled": true
            },
            "extend": {
              "version": "3.0.0",
              "bundled": true
            },
            "extsprintf": {
              "version": "1.0.2",
              "bundled": true
            },
            "forever-agent": {
              "version": "0.6.1",
              "bundled": true
            },
            "form-data": {
              "version": "2.1.2",
              "bundled": true
            },
            "fs.realpath": {
              "version": "1.0.0",
              "bundled": true
            },
            "fstream": {
              "version": "1.0.10",
              "bundled": true
            },
            "fstream-ignore": {
              "version": "1.0.5",
              "bundled": true
            },
            "gauge": {
              "version": "2.7.2",
              "bundled": true
            },
            "generate-function": {
              "version": "2.0.0",
              "bundled": true
            },
            "generate-object-property": {
              "version": "1.2.0",
              "bundled": true
            },
            "getpass": {
              "version": "0.1.6",
              "bundled": true,
              "dependencies": {
                "assert-plus": {
                  "version": "1.0.0",
                  "bundled": true
                }
              }
            },
            "glob": {
              "version": "7.1.1",
              "bundled": true
            },
            "graceful-fs": {
              "version": "4.1.11",
              "bundled": true
            },
            "graceful-readlink": {
              "version": "1.0.1",
              "bundled": true
            },
            "har-validator": {
              "version": "2.0.6",
              "bundled": true
            },
            "has-ansi": {
              "version": "2.0.0",
              "bundled": true
            },
            "has-unicode": {
              "version": "2.0.1",
              "bundled": true
            },
            "hawk": {
              "version": "3.1.3",
              "bundled": true
            },
            "hoek": {
              "version": "2.16.3",
              "bundled": true
            },
            "http-signature": {
              "version": "1.1.1",
              "bundled": true
            },
            "inflight": {
              "version": "1.0.6",
              "bundled": true
            },
            "inherits": {
              "version": "2.0.3",
              "bundled": true
            },
            "ini": {
              "version": "1.3.4",
              "bundled": true
            },
            "is-fullwidth-code-point": {
              "version": "1.0.0",
              "bundled": true
            },
            "is-my-json-valid": {
              "version": "2.15.0",
              "bundled": true
            },
            "is-property": {
              "version": "1.0.2",
              "bundled": true
            },
            "is-typedarray": {
              "version": "1.0.0",
              "bundled": true
            },
            "isarray": {
              "version": "1.0.0",
              "bundled": true
            },
            "isstream": {
              "version": "0.1.2",
              "bundled": true
            },
            "jodid25519": {
              "version": "1.0.2",
              "bundled": true
            },
            "jsbn": {
              "version": "0.1.0",
              "bundled": true
            },
            "json-schema": {
              "version": "0.2.3",
              "bundled": true
            },
            "json-stringify-safe": {
              "version": "5.0.1",
              "bundled": true
            },
            "jsonpointer": {
              "version": "4.0.1",
              "bundled": true
            },
            "jsprim": {
              "version": "1.3.1",
              "bundled": true
            },
            "mime-db": {
              "version": "1.25.0",
              "bundled": true
            },
            "mime-types": {
              "version": "2.1.13",
              "bundled": true
            },
            "minimatch": {
              "version": "3.0.3",
              "bundled": true
            },
            "minimist": {
              "version": "0.0.8",
              "bundled": true
            },
            "mkdirp": {
              "version": "0.5.1",
              "bundled": true
            },
            "ms": {
              "version": "0.7.1",
              "bundled": true
            },
            "node-pre-gyp": {
              "version": "0.6.32",
              "bundled": true
            },
            "nopt": {
              "version": "3.0.6",
              "bundled": true
            },
            "npmlog": {
              "version": "4.0.2",
              "bundled": true
            },
            "number-is-nan": {
              "version": "1.0.1",
              "bundled": true
            },
            "oauth-sign": {
              "version": "0.8.2",
              "bundled": true
            },
            "object-assign": {
              "version": "4.1.0",
              "bundled": true
            },
            "once": {
              "version": "1.4.0",
              "bundled": true
            },
            "path-is-absolute": {
              "version": "1.0.1",
              "bundled": true
            },
            "pinkie": {
              "version": "2.0.4",
              "bundled": true
            },
            "pinkie-promise": {
              "version": "2.0.1",
              "bundled": true
            },
            "process-nextick-args": {
              "version": "1.0.7",
              "bundled": true
            },
            "punycode": {
              "version": "1.4.1",
              "bundled": true
            },
            "qs": {
              "version": "6.3.0",
              "bundled": true
            },
            "rc": {
              "version": "1.1.6",
              "bundled": true,
              "dependencies": {
                "minimist": {
                  "version": "1.2.0",
                  "bundled": true
                }
              }
            },
            "readable-stream": {
              "version": "2.2.2",
              "bundled": true
            },
            "request": {
              "version": "2.79.0",
              "bundled": true
            },
            "rimraf": {
              "version": "2.5.4",
              "bundled": true
            },
            "semver": {
              "version": "5.3.0",
              "bundled": true
            },
            "set-blocking": {
              "version": "2.0.0",
              "bundled": true
            },
            "signal-exit": {
              "version": "3.0.2",
              "bundled": true
            },
            "sntp": {
              "version": "1.0.9",
              "bundled": true
            },
            "sshpk": {
              "version": "1.10.1",
              "bundled": true,
              "dependencies": {
                "assert-plus": {
                  "version": "1.0.0",
                  "bundled": true
                }
              }
            },
            "string-width": {
              "version": "1.0.2",
              "bundled": true
            },
            "string_decoder": {
              "version": "0.10.31",
              "bundled": true
            },
            "stringstream": {
              "version": "0.0.5",
              "bundled": true
            },
            "strip-ansi": {
              "version": "3.0.1",
              "bundled": true
            },
            "strip-json-comments": {
              "version": "1.0.4",
              "bundled": true
            },
            "supports-color": {
              "version": "0.2.0",
              "bundled": true
            },
            "tar": {
              "version": "2.2.1",
              "bundled": true
            },
            "tar-pack": {
              "version": "3.3.0",
              "bundled": true,
              "dependencies": {
                "once": {
                  "version": "1.3.3",
                  "bundled": true
                },
                "readable-stream": {
                  "version": "2.1.5",
                  "bundled": true
                }
              }
            },
            "tough-cookie": {
              "version": "2.3.2",
              "bundled": true
            },
            "tunnel-agent": {
              "version": "0.4.3",
              "bundled": true
            },
            "tweetnacl": {
              "version": "0.14.5",
              "bundled": true
            },
            "uid-number": {
              "version": "0.0.6",
              "bundled": true
            },
            "util-deprecate": {
              "version": "1.0.2",
              "bundled": true
            },
            "uuid": {
              "version": "3.0.1",
              "bundled": true
            },
            "verror": {
              "version": "1.3.6",
              "bundled": true
            },
            "wide-align": {
              "version": "1.1.0",
              "bundled": true
            },
            "wrappy": {
              "version": "1.0.2",
              "bundled": true
            },
            "xtend": {
              "version": "4.0.1",
              "bundled": true
            }
          }
        },
        "has-flag": {
          "version": "2.0.0",
          "resolved": "https://registry.npmjs.org/has-flag/-/has-flag-2.0.0.tgz",
          "integrity": "sha1-6CB68cx7MNRGzHC3NLXovhj4jVE="
        },
        "loader-utils": {
          "version": "1.1.0",
          "resolved": "https://registry.npmjs.org/loader-utils/-/loader-utils-1.1.0.tgz",
          "integrity": "sha1-yYrvSIvM7aL/teLeZG1qdUQp9c0="
        },
        "memory-fs": {
          "version": "0.4.1",
          "resolved": "https://registry.npmjs.org/memory-fs/-/memory-fs-0.4.1.tgz",
          "integrity": "sha1-OpoguEYlI+RHz7x+i7gO1me/xVI="
        },
        "node-libs-browser": {
          "version": "2.0.0",
          "resolved": "https://registry.npmjs.org/node-libs-browser/-/node-libs-browser-2.0.0.tgz",
          "integrity": "sha1-o6WeyXAkmFtG6Vg3lkb5bEthZkY="
        },
        "postcss": {
          "version": "6.0.4",
          "resolved": "https://registry.npmjs.org/postcss/-/postcss-6.0.4.tgz",
          "integrity": "sha1-VzrN33P0LsskqmGNQO49WnwEplQ=",
          "dependencies": {
            "chalk": {
              "version": "2.0.1",
              "resolved": "https://registry.npmjs.org/chalk/-/chalk-2.0.1.tgz",
              "integrity": "sha512-Mp+FXEI+FrwY/XYV45b2YD3E8i3HwnEAoFcM0qlZzq/RZ9RwWitt2Y/c7cqRAz70U7hfekqx6qNYthuKFO6K0g=="
            }
          }
        },
        "postcss-loader": {
          "version": "2.0.5",
          "resolved": "https://registry.npmjs.org/postcss-loader/-/postcss-loader-2.0.5.tgz",
          "integrity": "sha1-wZ0+i4PrGsMW9WIe9MDvWz0bizo="
        },
        "promise": {
          "version": "7.1.1",
          "resolved": "https://registry.npmjs.org/promise/-/promise-7.1.1.tgz",
          "integrity": "sha1-SJZUxpJha4qlWwck+oCbt9tJxb8="
        },
        "string_decoder": {
          "version": "0.10.31",
          "resolved": "https://registry.npmjs.org/string_decoder/-/string_decoder-0.10.31.tgz",
          "integrity": "sha1-YuIDvEF2bGwoyfyEMB2rHFMQ+pQ="
        },
        "style-loader": {
          "version": "0.17.0",
          "resolved": "https://registry.npmjs.org/style-loader/-/style-loader-0.17.0.tgz",
          "integrity": "sha1-6CVLzNt690vVgnTjYQe01atN8xA="
        },
        "supports-color": {
          "version": "4.0.0",
          "resolved": "https://registry.npmjs.org/supports-color/-/supports-color-4.0.0.tgz",
          "integrity": "sha1-M6fGgKpRLJ0D75KcrLuXTSA9J5A="
        },
        "tapable": {
          "version": "0.2.6",
          "resolved": "https://registry.npmjs.org/tapable/-/tapable-0.2.6.tgz",
          "integrity": "sha1-IGvo4YiGC1FEJTdebxrom/sB/Y0="
        },
        "uglify-js": {
          "version": "2.8.29",
          "resolved": "https://registry.npmjs.org/uglify-js/-/uglify-js-2.8.29.tgz",
          "integrity": "sha1-KcVzMUgFe7Th913zW3qcty5qWd0=",
          "dependencies": {
            "yargs": {
              "version": "3.10.0",
              "resolved": "https://registry.npmjs.org/yargs/-/yargs-3.10.0.tgz",
              "integrity": "sha1-9+572FfdfB0tOMDnTvvWgdFDH9E="
            }
          }
        },
        "url-loader": {
          "version": "0.5.8",
          "resolved": "https://registry.npmjs.org/url-loader/-/url-loader-0.5.8.tgz",
          "integrity": "sha1-uRg7GAHg+EdxhnNnMEC8ncHHFcU="
        },
        "watchpack": {
          "version": "1.3.1",
          "resolved": "https://registry.npmjs.org/watchpack/-/watchpack-1.3.1.tgz",
          "integrity": "sha1-fYaTkHsozmAT5/NhCqKhrPB9rYc="
        },
        "webpack": {
          "version": "2.6.1",
          "resolved": "https://registry.npmjs.org/webpack/-/webpack-2.6.1.tgz",
          "integrity": "sha1-LgRX8KuxrF3zqxBsacZy8jZ4Xwc=",
          "dependencies": {
            "has-flag": {
              "version": "1.0.0",
              "resolved": "https://registry.npmjs.org/has-flag/-/has-flag-1.0.0.tgz",
              "integrity": "sha1-nZ55MWXOAXoA8AQYxD+UKnsdEfo="
            },
            "loader-utils": {
              "version": "0.2.17",
              "resolved": "https://registry.npmjs.org/loader-utils/-/loader-utils-0.2.17.tgz",
              "integrity": "sha1-+G5jdNQyBabmxg6RlvF8Apm/s0g="
            },
            "supports-color": {
              "version": "3.2.3",
              "resolved": "https://registry.npmjs.org/supports-color/-/supports-color-3.2.3.tgz",
              "integrity": "sha1-ZawFBLOVQXHYpklGsq48u4pfVPY="
            }
          }
        },
        "webpack-sources": {
          "version": "0.2.3",
          "resolved": "https://registry.npmjs.org/webpack-sources/-/webpack-sources-0.2.3.tgz",
          "integrity": "sha1-F8Yr+vE8cH+dAsR54Nzd6DgGl/s=",
          "dependencies": {
            "source-list-map": {
              "version": "1.1.2",
              "resolved": "https://registry.npmjs.org/source-list-map/-/source-list-map-1.1.2.tgz",
              "integrity": "sha1-mIkBnRAkzOVc3AaUmDN+9hhqEaE="
            }
          }
        },
        "yargs": {
          "version": "6.6.0",
          "resolved": "https://registry.npmjs.org/yargs/-/yargs-6.6.0.tgz",
          "integrity": "sha1-eC7CHvQDNF+DCoCMo9UTr1YGUgg=",
          "dependencies": {
            "camelcase": {
              "version": "3.0.0",
              "resolved": "https://registry.npmjs.org/camelcase/-/camelcase-3.0.0.tgz",
              "integrity": "sha1-MvxLn82vhF/N9+c7uXysImHwqwo="
            },
            "cliui": {
              "version": "3.2.0",
              "resolved": "https://registry.npmjs.org/cliui/-/cliui-3.2.0.tgz",
              "integrity": "sha1-EgYBU3qRbSmUD5NNo7SNWFo5IT0="
            }
          }
        },
        "yargs-parser": {
          "version": "4.2.1",
          "resolved": "https://registry.npmjs.org/yargs-parser/-/yargs-parser-4.2.1.tgz",
          "integrity": "sha1-KczqwNxPA8bIe0qfIX3RjJ90hxw=",
          "dependencies": {
            "camelcase": {
              "version": "3.0.0",
              "resolved": "https://registry.npmjs.org/camelcase/-/camelcase-3.0.0.tgz",
              "integrity": "sha1-MvxLn82vhF/N9+c7uXysImHwqwo="
            }
          }
        }
      }
    },
    "react-tap-event-plugin": {
      "version": "2.0.1",
      "resolved": "https://registry.npmjs.org/react-tap-event-plugin/-/react-tap-event-plugin-2.0.1.tgz",
      "integrity": "sha1-MWvrO8ZVbinshppyk+icgmqQdNI=",
      "requires": {
        "fbjs": "^0.8.6"
      }
    },
    "standard": {
      "version": "10.0.2",
      "resolved": "https://registry.npmjs.org/standard/-/standard-10.0.2.tgz",
      "integrity": "sha1-l0wcU8yGWwdaS1dueEQeFpXar3s="
    },
    "styled-components": {
      "version": "2.1.0",
      "resolved": "https://registry.npmjs.org/styled-components/-/styled-components-2.1.0.tgz",
      "integrity": "sha1-QlgF/KfvpYgKrSFx+Ya/2KLwgI8=",
      "dependencies": {
        "supports-color": {
          "version": "3.2.3",
          "resolved": "https://registry.npmjs.org/supports-color/-/supports-color-3.2.3.tgz",
          "integrity": "sha1-ZawFBLOVQXHYpklGsq48u4pfVPY="
        }
      }
    }
  }
}
